
Microsoft Visual Studio Solution File, Format Version 12.00
# Visual Studio Version 16
VisualStudioVersion = 16.0.31313.79
MinimumVisualStudioVersion = 10.0.40219.1
Project("{2150E333-8FDC-42A3-9474-1A3956D46DE8}") = "src", "src", "{F24AF9CE-3665-4926-863D-BB9A822322A8}"
EndProject
Project("{2150E333-8FDC-42A3-9474-1A3956D46DE8}") = "tests", "tests", "{A21944BB-7DE1-4C9B-899D-9690A85667C1}"
EndProject
Project("{9A19103F-16F7-4668-BE54-9A1E7A4F7556}") = "svc-backscratcher", "svc-backscratcher.csproj", "{FEEEB340-E2B1-4E4F-951E-2529BABA075C}"
EndProject
Global
	GlobalSection(SolutionConfigurationPlatforms) = preSolution
		Debug|Any CPU = Debug|Any CPU
		Release|Any CPU = Release|Any CPU
	EndGlobalSection
	GlobalSection(ProjectConfigurationPlatforms) = postSolution
		{FEEEB340-E2B1-4E4F-951E-2529BABA075C}.Debug|Any CPU.ActiveCfg = Debug|Any CPU
		{FEEEB340-E2B1-4E4F-951E-2529BABA075C}.Debug|Any CPU.Build.0 = Debug|Any CPU
		{FEEEB340-E2B1-4E4F-951E-2529BABA075C}.Release|Any CPU.ActiveCfg = Release|Any CPU
		{FEEEB340-E2B1-4E4F-951E-2529BABA075C}.Release|Any CPU.Build.0 = Release|Any CPU
	EndGlobalSection
	GlobalSection(SolutionProperties) = preSolution
		HideSolutionNode = FALSE
	EndGlobalSection
	GlobalSection(NestedProjects) = preSolution
		{FEEEB340-E2B1-4E4F-951E-2529BABA075C} = {F24AF9CE-3665-4926-863D-BB9A822322A8}
	EndGlobalSection
	GlobalSection(ExtensibilityGlobals) = postSolution
		SolutionGuid = {3367E32D-1EF6-4D65-8A66-5D3773E6098D}
	EndGlobalSection
EndGlobal
